{
    "_readme": [
        "This file locks the dependencies of your project to a known state",
        "Read more about it at https://getcomposer.org/doc/01-basic-usage.md#installing-dependencies",
        "This file is @generated automatically"
    ],
    "content-hash": "6ab0f2af552d8e8f23a46e56bd6763ab",
    "packages": [
        {
            "name": "jazzman/wp-db-pdo",
            "version": "0.1.1",
            "source": {
                "type": "git",
                "url": "https://github.com/Jazz-Man/wp-db-pdo.git",
                "reference": "5c52d0f0532edcc7873dea44bd5adc16a48f7d7c"
            },
            "dist": {
                "type": "zip",
                "url": "https://api.github.com/repos/Jazz-Man/wp-db-pdo/zipball/5c52d0f0532edcc7873dea44bd5adc16a48f7d7c",
                "reference": "5c52d0f0532edcc7873dea44bd5adc16a48f7d7c",
                "shasum": ""
            },
            "require": {
                "ext-pdo": "*",
                "php": "^7.1",
                "roots/wordpress": "^5"
            },
            "require-dev": {
                "dg/composer-cleaner": "^2.2",
                "roave/security-advisories": "dev-master"
            },
            "type": "library",
            "extra": {
                "installer-paths": {
                    "vendor/wp/wp-content/mu-plugins/{$name}/": [
                        "type:wordpress-muplugin"
                    ],
                    "vendor/wp/wp-content/plugins/{$name}/": [
                        "type:wordpress-plugin"
                    ],
                    "vendor/wp/wp-content/themes/{$name}/": [
                        "type:wordpress-theme"
                    ]
                },
                "wordpress-install-dir": "vendor/wp"
            },
            "autoload": {
                "files": [
                    "app_db_pdo.php"
                ]
            },
            "notification-url": "https://packagist.org/downloads/",
            "license": [
                "MIT"
            ],
            "authors": [
                {
                    "name": "Vasyl Sokolyk",
                    "email": "vsokolyk@gmail.com"
                }
            ],
            "time": "2021-01-06T13:24:20+00:00"
        },
        {
            "name": "roots/wordpress",
            "version": "5.6",
            "source": {
                "type": "git",
                "url": "https://github.com/WordPress/WordPress.git",
                "reference": "5.6"
            },
            "dist": {
                "type": "zip",
                "url": "https://api.github.com/repos/WordPress/WordPress/zipball/5.6",
                "reference": "5.6"
            },
            "require": {
                "php": ">=5.3.2",
                "roots/wordpress-core-installer": ">=1.0.0"
            },
            "type": "wordpress-core",
            "notification-url": "https://packagist.org/downloads/",
            "license": [
                "GPL-2.0-or-later"
            ],
            "authors": [
                {
                    "name": "WordPress Community",
                    "homepage": "https://wordpress.org/about/"
                }
            ],
            "description": "WordPress is web software you can use to create a beautiful website or blog.",
            "homepage": "https://wordpress.org/",
            "keywords": [
                "blog",
                "cms",
                "wordpress"
            ],
            "funding": [
                {
                    "url": "https://github.com/roots",
                    "type": "github"
                },
                {
                    "url": "https://www.patreon.com/rootsdev",
                    "type": "patreon"
                }
            ],
            "time": "2020-12-08T22:15:57+00:00"
        },
        {
            "name": "roots/wordpress-core-installer",
            "version": "1.100.0",
            "source": {
                "type": "git",
                "url": "https://github.com/roots/wordpress-core-installer.git",
                "reference": "73f8488e5178c5d54234b919f823a9095e2b1847"
            },
            "dist": {
                "type": "zip",
                "url": "https://api.github.com/repos/roots/wordpress-core-installer/zipball/73f8488e5178c5d54234b919f823a9095e2b1847",
                "reference": "73f8488e5178c5d54234b919f823a9095e2b1847",
                "shasum": ""
            },
            "require": {
                "composer-plugin-api": "^1.0 || ^2.0",
                "php": ">=5.6.0"
            },
            "conflict": {
                "composer/installers": "<1.0.6"
            },
            "replace": {
                "johnpbloch/wordpress-core-installer": "*"
            },
            "require-dev": {
                "composer/composer": "^1.0 || ^2.0",
                "phpunit/phpunit": ">=5.7.27"
            },
            "type": "composer-plugin",
            "extra": {
                "class": "Roots\\Composer\\WordPressCorePlugin"
            },
            "autoload": {
                "psr-4": {
                    "Roots\\Composer\\": "src/"
                }
            },
            "notification-url": "https://packagist.org/downloads/",
            "license": [
                "GPL-2.0-or-later"
            ],
            "authors": [
                {
                    "name": "John P. Bloch",
                    "email": "me@johnpbloch.com"
                },
                {
                    "name": "Roots",
                    "email": "team@roots.io"
                }
            ],
            "description": "A custom installer to handle deploying WordPress with composer",
            "keywords": [
                "wordpress"
            ],
            "funding": [
                {
                    "url": "https://github.com/roots",
                    "type": "github"
                },
                {
                    "url": "https://www.patreon.com/rootsdev",
                    "type": "patreon"
                }
            ],
            "time": "2020-08-20T00:27:30+00:00"
        }
    ],
    "packages-dev": [],
    "aliases": [],
    "minimum-stability": "stable",
    "stability-flags": [],
    "prefer-stable": false,
    "prefer-lowest": false,
    "platform": {
        "php": "^7.4"
    },
    "platform-dev": [],
    "plugin-api-version": "1.1.0"
}
